{
  "name": "rssfetch",
  "version": "1.0.0",
  "lockfileVersion": 3,
  "requires": true,
  "packages": {
    "": {
      "name": "rssfetch",
      "version": "1.0.0",
      "license": "ISC",
      "dependencies": {
        "feedsmith": "^2.8.0"
      }
    },
    "node_modules/entities": {
      "version": "7.0.0",
      "resolved": "https://registry.npmmirror.com/entities/-/entities-7.0.0.tgz",
      "integrity": "sha512-FDWG5cmEYf2Z00IkYRhbFrwIwvdFKH07uV8dvNy0omp/Qb1xcyCWp2UDtcwJF4QZZvk0sLudP6/hAu42TaqVhQ==",
      "engines": {
        "node": ">=0.12"
      },
      "funding": {
        "url": "https://github.com/fb55/entities?sponsor=1"
      }
    },
    "node_modules/fast-xml-parser": {
      "version": "5.3.3",
      "resolved": "https://registry.npmmirror.com/fast-xml-parser/-/fast-xml-parser-5.3.3.tgz",
      "integrity": "sha512-2O3dkPAAC6JavuMm8+4+pgTk+5hoAs+CjZ+sWcQLkX9+/tHRuTkQh/Oaifr8qDmZ8iEHb771Ea6G8CdwkrgvYA==",
      "funding": [
        {
          "type": "github",
          "url": "https://github.com/sponsors/NaturalIntelligence"
        }
      ],
      "dependencies": {
        "strnum": "^2.1.0"
      },
      "bin": {
        "fxparser": "src/cli/cli.js"
      }
    },
    "node_modules/feedsmith": {
      "version": "2.8.0",
      "resolved": "https://registry.npmmirror.com/feedsmith/-/feedsmith-2.8.0.tgz",
      "integrity": "sha512-LloQgc/Kc82PGwAsNV0AjkDGS91NRdbP1jTwJMfRHkhLu7NgGPWyi/TWz06r4PXh0ixhf+5NAgt8bL/Wg/u7/A==",
      "dependencies": {
        "entities": "^7.0.0",
        "fast-xml-parser": "^5.3.3"
      }
    },
    "node_modules/strnum": {
      "version": "2.1.2",
      "resolved": "https://registry.npmmirror.com/strnum/-/strnum-2.1.2.tgz",
      "integrity": "sha512-l63NF9y/cLROq/yqKXSLtcMeeyOfnSQlfMSlzFt/K73oIaD8DGaQWd7Z34X9GPiKqP5rbSh84Hl4bOlLcjiSrQ==",
      "funding": [
        {
          "type": "github",
          "url": "https://github.com/sponsors/NaturalIntelligence"
        }
      ]
    }
  }
}
